// !$*UTF8*$!
{
	archiveVersion = 1;
	classes = {
	};
	objectVersion = 50;
	objects = {

/* Begin PBXBuildFile section */
		EDE12552235B7D1700FEB5BF /* AppDelegate.swift in Sources */ = {isa = PBXBuildFile; fileRef = EDE12551235B7D1700FEB5BF /* AppDelegate.swift */; };
		EDE12554235B7D1700FEB5BF /* SceneDelegate.swift in Sources */ = {isa = PBXBuildFile; fileRef = EDE12553235B7D1700FEB5BF /* SceneDelegate.swift */; };
		EDE12556235B7D1700FEB5BF /* ViewController.swift in Sources */ = {isa = PBXBuildFile; fileRef = EDE12555235B7D1700FEB5BF /* ViewController.swift */; };
		EDE12559235B7D1700FEB5BF /* Main.storyboard in Resources */ = {isa = PBXBuildFile; fileRef = EDE12557235B7D1700FEB5BF /* Main.storyboard */; };
		EDE1255C235B7D1700FEB5BF /* HneuTimeTable.xcdatamodeld in Sources */ = {isa = PBXBuildFile; fileRef = EDE1255A235B7D1700FEB5BF /* HneuTimeTable.xcdatamodeld */; };
		EDE1255E235B7D1800FEB5BF /* Assets.xcassets in Resources */ = {isa = PBXBuildFile; fileRef = EDE1255D235B7D1800FEB5BF /* Assets.xcassets */; };
		EDE12561235B7D1800FEB5BF /* LaunchScreen.storyboard in Resources */ = {isa = PBXBuildFile; fileRef = EDE1255F235B7D1800FEB5BF /* LaunchScreen.storyboard */; };
/* End PBXBuildFile section */

/* Begin PBXFileReference section */
		EDE1254E235B7D1700FEB5BF /* HneuTimeTable.app */ = {isa = PBXFileReference; explicitFileType = wrapper.application; includeInIndex = 0; path = HneuTimeTable.app; sourceTree = BUILT_PRODUCTS_DIR; };
		EDE12551235B7D1700FEB5BF /* AppDelegate.swift */ = {isa = PBXFileReference; lastKnownFileType = sourcecode.swift; path = AppDelegate.swift; sourceTree = "<group>"; };
		EDE12553235B7D1700FEB5BF /* SceneDelegate.swift */ = {isa = PBXFileReference; lastKnownFileType = sourcecode.swift; path = SceneDelegate.swift; sourceTree = "<group>"; };
		EDE12555235B7D1700FEB5BF /* ViewController.swift */ = {isa = PBXFileReference; lastKnownFileType = sourcecode.swift; path = ViewController.swift; sourceTree = "<group>"; };
		EDE12558235B7D1700FEB5BF /* Base */ = {isa = PBXFileReference; lastKnownFileType = file.storyboard; name = Base; path = Base.lproj/Main.storyboard; sourceTree = "<group>"; };
		EDE1255B235B7D1700FEB5BF /* HneuTimeTable.xcdatamodel */ = {isa = PBXFileReference; lastKnownFileType = wrapper.xcdatamodel; path = HneuTimeTable.xcdatamodel; sourceTree = "<group>"; };
		EDE1255D235B7D1800FEB5BF /* Assets.xcassets */ = {isa = PBXFileReference; lastKnownFileType = folder.assetcatalog; path = Assets.xcassets; sourceTree = "<group>"; };
		EDE12560235B7D1800FEB5BF /* Base */ = {isa = PBXFileReference; lastKnownFileType = file.storyboard; name = Base; path = Base.lproj/LaunchScreen.storyboard; sourceTree = "<group>"; };
		EDE12562235B7D1800FEB5BF /* Info.plist */ = {isa = PBXFileReference; lastKnownFileType = text.plist.xml; path = Info.plist; sourceTree = "<group>"; };
/* End PBXFileReference section */

/* Begin PBXFrameworksBuildPhase section */
		EDE1254B235B7D1700FEB5BF /* Frameworks */ = {
			isa = PBXFrameworksBuildPhase;
			buildActionMask = 2147483647;
			files = (
			);
			runOnlyForDeploymentPostprocessing = 0;
		};
/* End PBXFrameworksBuildPhase section */

/* Begin PBXGroup section */
		EDE12545235B7D1700FEB5BF = {
			isa = PBXGroup;
			children = (
				EDE12550235B7D1700FEB5BF /* HneuTimeTable */,
				EDE1254F235B7D1700FEB5BF /* Products */,
			);
			sourceTree = "<group>";
		};
		EDE1254F235B7D1700FEB5BF /* Products */ = {
			isa = PBXGroup;
			children = (
				EDE1254E235B7D1700FEB5BF /* HneuTimeTable.app */,
			);
			name = Products;
			sourceTree = "<group>";
		};
		EDE12550235B7D1700FEB5BF /* HneuTimeTable */ = {
			isa = PBXGroup;
			children = (
				EDE12551235B7D1700FEB5BF /* AppDelegate.swift */,
				EDE12553235B7D1700FEB5BF /* SceneDelegate.swift */,
				EDE12555235B7D1700FEB5BF /* ViewController.swift */,
				EDE12557235B7D1700FEB5BF /* Main.storyboard */,
				EDE1255D235B7D1800FEB5BF /* Assets.xcassets */,
				EDE1255F235B7D1800FEB5BF /* LaunchScreen.storyboard */,
				EDE12562235B7D1800FEB5BF /* Info.plist */,
				EDE1255A235B7D1700FEB5BF /* HneuTimeTable.xcdatamodeld */,
			);
			path = HneuTimeTable;
			sourceTree = "<group>";
		};
/* End PBXGroup section */

/* Begin PBXNativeTarget section */
		EDE1254D235B7D1700FEB5BF /* HneuTimeTable */ = {
			isa = PBXNativeTarget;
			buildConfigurationList = EDE12565235B7D1800FEB5BF /* Build configuration list for PBXNativeTarget "HneuTimeTable" */;
			buildPhases = (
				EDE1254A235B7D1700FEB5BF /* Sources */,
				EDE1254B235B7D1700FEB5BF /* Frameworks */,
				EDE1254C235B7D1700FEB5BF /* Resources */,
			);
			buildRules = (
			);
			dependencies = (
			);
			name = HneuTimeTable;
			productName = HneuTimeTable;
			productReference = EDE1254E235B7D1700FEB5BF /* HneuTimeTable.app */;
			productType = "com.apple.product-type.application";
		};
/* End PBXNativeTarget section */

/* Begin PBXProject section */
		EDE12546235B7D1700FEB5BF /* Project object */ = {
			isa = PBXProject;
			attributes = {
				LastSwiftUpdateCheck = 1110;
				LastUpgradeCheck = 1110;
				ORGANIZATIONNAME = Kirill;
				TargetAttributes = {
					EDE1254D235B7D1700FEB5BF = {
						CreatedOnToolsVersion = 11.1;
					};
				};
			};
			buildConfigurationList = EDE12549235B7D1700FEB5BF /* Build configuration list for PBXProject "HneuTimeTable" */;
			compatibilityVersion = "Xcode 9.3";
			developmentRegion = en;
			hasScannedForEncodings = 0;
			knownRegions = (
				en,
				Base,
			);
			mainGroup = EDE12545235B7D1700FEB5BF;
			productRefGroup = EDE1254F235B7D1700FEB5BF /* Products */;
			projectDirPath = "";
			projectRoot = "";
			targets = (
				EDE1254D235B7D1700FEB5BF /* HneuTimeTable */,
			);
		};
/* End PBXProject section */

/* Begin PBXResourcesBuildPhase section */
		EDE1254C235B7D1700FEB5BF /* Resources */ = {
			isa = PBXResourcesBuildPhase;
			buildActionMask = 2147483647;
			files = (
				EDE12561235B7D1800FEB5BF /* LaunchScreen.storyboard in Resources */,
				EDE1255E235B7D1800FEB5BF /* Assets.xcassets in Resources */,
				EDE12559235B7D1700FEB5BF /* Main.storyboard in Resources */,
			);
			runOnlyForDeploymentPostprocessing = 0;
		};
/* End PBXResourcesBuildPhase section */

/* Begin PBXSourcesBuildPhase section */
		EDE1254A235B7D1700FEB5BF /* Sources */ = {
			isa = PBXSourcesBuildPhase;
			buildActionMask = 2147483647;
			files = (
				EDE12556235B7D1700FEB5BF /* ViewController.swift in Sources */,
				EDE1255C235B7D1700FEB5BF /* HneuTimeTable.xcdatamodeld in Sources */,
				EDE12552235B7D1700FEB5BF /* AppDelegate.swift in Sources */,
				EDE12554235B7D1700FEB5BF /* SceneDelegate.swift in Sources */,
			);
			runOnlyForDeploymentPostprocessing = 0;
		};
/* End PBXSourcesBuildPhase section */

/* Begin PBXVariantGroup section */
		EDE12557235B7D1700FEB5BF /* Main.storyboard */ = {
			isa = PBXVariantGroup;
			children = (
				EDE12558235B7D1700FEB5BF /* Base */,
			);
			name = Main.storyboard;
			sourceTree = "<group>";
		};
		EDE1255F235B7D1800FEB5BF /* LaunchScreen.storyboard */ = {
			isa = PBXVariantGroup;
			children = (
				EDE12560235B7D1800FEB5BF /* Base */,
			);
			name = LaunchScreen.storyboard;
			sourceTree = "<group>";
		};
/* End PBXVariantGroup section */

/* Begin XCBuildConfiguration section */
		EDE12563235B7D1800FEB5BF /* Debug */ = {
			isa = XCBuildConfiguration;
			buildSettings = {
				ALWAYS_SEARCH_USER_PATHS = NO;
				CLANG_ANALYZER_NONNULL = YES;
				CLANG_ANALYZER_NUMBER_OBJECT_CONVERSION = YES_AGGRESSIVE;
				CLANG_CXX_LANGUAGE_STANDARD = "gnu++14";
				CLANG_CXX_LIBRARY = "libc++";
				CLANG_ENABLE_MODULES = YES;
				CLANG_ENABLE_OBJC_ARC = YES;
				CLANG_ENABLE_OBJC_WEAK = YES;
				CLANG_WARN_BLOCK_CAPTURE_AUTORELEASING = YES;
				CLANG_WARN_BOOL_CONVERSION = YES;
				CLANG_WARN_COMMA = YES;
				CLANG_WARN_CONSTANT_CONVERSION = YES;
				CLANG_WARN_DEPRECATED_OBJC_IMPLEMENTATIONS = YES;
				CLANG_WARN_DIRECT_OBJC_ISA_USAGE = YES_ERROR;
				CLANG_WARN_DOCUMENTATION_COMMENTS = YES;
				CLANG_WARN_EMPTY_BODY = YES;
				CLANG_WARN_ENUM_CONVERSION = YES;
				CLANG_WARN_INFINITE_RECURSION = YES;
				CLANG_WARN_INT_CONVERSION = YES;
				CLANG_WARN_NON_LITERAL_NULL_CONVERSION = YES;
				CLANG_WARN_OBJC_IMPLICIT_RETAIN_SELF = YES;
				CLANG_WARN_OBJC_LITERAL_CONVERSION = YES;
				CLANG_WARN_OBJC_ROOT_CLASS = YES_ERROR;
				CLANG_WARN_RANGE_LOOP_ANALYSIS = YES;
				CLANG_WARN_STRICT_PROTOTYPES = YES;
				CLANG_WARN_SUSPICIOUS_MOVE = YES;
				CLANG_WARN_UNGUARDED_AVAILABILITY = YES_AGGRESSIVE;
				CLANG_WARN_UNREACHABLE_CODE = YES;
				CLANG_WARN__DUPLICATE_METHOD_MATCH = YES;
				COPY_PHASE_STRIP = NO;
				DEBUG_INFORMATION_FORMAT = dwarf;
				ENABLE_STRICT_OBJC_MSGSEND = YES;
				ENABLE_TESTABILITY = YES;
				GCC_C_LANGUAGE_STANDARD = gnu11;
				GCC_DYNAMIC_NO_PIC = NO;
				GCC_NO_COMMON_BLOCKS = YES;
				GCC_OPTIMIZATION_LEVEL = 0;
				GCC_PREPROCESSOR_DEFINITIONS = (
					"DEBUG=1",
					"$(inherited)",
				);
				GCC_WARN_64_TO_32_BIT_CONVERSION = YES;
				GCC_WARN_ABOUT_RETURN_TYPE = YES_ERROR;
				GCC_WARN_UNDECLARED_SELECTOR = YES;
				GCC_WARN_UNINITIALIZED_AUTOS = YES_AGGRESSIVE;
				GCC_WARN_UNUSED_FUNCTION = YES;
				GCC_WARN_UNUSED_VARIABLE = YES;
				IPHONEOS_DEPLOYMENT_TARGET = 13.1;
				MTL_ENABLE_DEBUG_INFO = INCLUDE_SOURCE;
				MTL_FAST_MATH = YES;
				ONLY_ACTIVE_ARCH = YES;
				SDKROOT = iphoneos;
				SWIFT_ACTIVE_COMPILATION_CONDITIONS = DEBUG;
				SWIFT_OPTIMIZATION_LEVEL = "-Onone";
			};
			name = Debug;
		};
		EDE12564235B7D1800FEB5BF /* Release */ = {
			isa = XCBuildConfiguration;
			buildSettings = {
				ALWAYS_SEARCH_USER_PATHS = NO;
				CLANG_ANALYZER_NONNULL = YES;
				CLANG_ANALYZER_NUMBER_OBJECT_CONVERSION = YES_AGGRESSIVE;
				CLANG_CXX_LANGUAGE_STANDARD = "gnu++14";
				CLANG_CXX_LIBRARY = "libc++";
				CLANG_ENABLE_MODULES = YES;
				CLANG_ENABLE_OBJC_ARC = YES;
				CLANG_ENABLE_OBJC_WEAK = YES;
				CLANG_WARN_BLOCK_CAPTURE_AUTORELEASING = YES;
				CLANG_WARN_BOOL_CONVERSION = YES;
				CLANG_WARN_COMMA = YES;
				CLANG_WARN_CONSTANT_CONVERSION = YES;
				CLANG_WARN_DEPRECATED_OBJC_IMPLEMENTATIONS = YES;
				CLANG_WARN_DIRECT_OBJC_ISA_USAGE = YES_ERROR;
				CLANG_WARN_DOCUMENTATION_COMMENTS = YES;
				CLANG_WARN_EMPTY_BODY = YES;
				CLANG_WARN_ENUM_CONVERSION = YES;
				CLANG_WARN_INFINITE_RECURSION = YES;
				CLANG_WARN_INT_CONVERSION = YES;
				CLANG_WARN_NON_LITERAL_NULL_CONVERSION = YES;
				CLANG_WARN_OBJC_IMPLICIT_RETAIN_SELF = YES;
				CLANG_WARN_OBJC_LITERAL_CONVERSION = YES;
				CLANG_WARN_OBJC_ROOT_CLASS = YES_ERROR;
				CLANG_WARN_RANGE_LOOP_ANALYSIS = YES;
				CLANG_WARN_STRICT_PROTOTYPES = YES;
				CLANG_WARN_SUSPICIOUS_MOVE = YES;
				CLANG_WARN_UNGUARDED_AVAILABILITY = YES_AGGRESSIVE;
				CLANG_WARN_UNREACHABLE_CODE = YES;
				CLANG_WARN__DUPLICATE_METHOD_MATCH = YES;
				COPY_PHASE_STRIP = NO;
				DEBUG_INFORMATION_FORMAT = "dwarf-with-dsym";
				ENABLE_NS_ASSERTIONS = NO;
				ENABLE_STRICT_OBJC_MSGSEND = YES;
				GCC_C_LANGUAGE_STANDARD = gnu11;
				GCC_NO_COMMON_BLOCKS = YES;
				GCC_WARN_64_TO_32_BIT_CONVERSION = YES;
				GCC_WARN_ABOUT_RETURN_TYPE = YES_ERROR;
				GCC_WARN_UNDECLARED_SELECTOR = YES;
				GCC_WARN_UNINITIALIZED_AUTOS = YES_AGGRESSIVE;
				GCC_WARN_UNUSED_FUNCTION = YES;
				GCC_WARN_UNUSED_VARIABLE = YES;
				IPHONEOS_DEPLOYMENT_TARGET = 13.1;
				MTL_ENABLE_DEBUG_INFO = NO;
				MTL_FAST_MATH = YES;
				SDKROOT = iphoneos;
				SWIFT_COMPILATION_MODE = wholemodule;
				SWIFT_OPTIMIZATION_LEVEL = "-O";
				VALIDATE_PRODUCT = YES;
			};
			name = Release;
		};
		EDE12566235B7D1800FEB5BF /* Debug */ = {
			isa = XCBuildConfiguration;
			buildSettings = {
				ASSETCATALOG_COMPILER_APPICON_NAME = AppIcon;
				CODE_SIGN_STYLE = Automatic;
				DEVELOPMENT_TEAM = 77UT86MNKK;
				INFOPLIST_FILE = HneuTimeTable/Info.plist;
				LD_RUNPATH_SEARCH_PATHS = (
					"$(inherited)",
					"@executable_path/Frameworks",
				);
				PRODUCT_BUNDLE_IDENTIFIER = j.HneuTimeTable;
				PRODUCT_NAME = "$(TARGET_NAME)";
				SWIFT_VERSION = 5.0;
				TARGETED_DEVICE_FAMILY = "1,2";
			};
			name = Debug;
		};
		EDE12567235B7D1800FEB5BF /* Release */ = {
			isa = XCBuildConfiguration;
			buildSettings = {
				ASSETCATALOG_COMPILER_APPICON_NAME = AppIcon;
				CODE_SIGN_STYLE = Automatic;
				DEVELOPMENT_TEAM = 77UT86MNKK;
				INFOPLIST_FILE = HneuTimeTable/Info.plist;
				LD_RUNPATH_SEARCH_PATHS = (
					"$(inherited)",
					"@executable_path/Frameworks",
				);
				PRODUCT_BUNDLE_IDENTIFIER = j.HneuTimeTable;
				PRODUCT_NAME = "$(TARGET_NAME)";
				SWIFT_VERSION = 5.0;
				TARGETED_DEVICE_FAMILY = "1,2";
			};
			name = Release;
		};
/* End XCBuildConfiguration section */

/* Begin XCConfigurationList section */
		EDE12549235B7D1700FEB5BF /* Build configuration list for PBXProject "HneuTimeTable" */ = {
			isa = XCConfigurationList;
			buildConfigurations = (
				EDE12563235B7D1800FEB5BF /* Debug */,
				EDE12564235B7D1800FEB5BF /* Release */,
			);
			defaultConfigurationIsVisible = 0;
			defaultConfigurationName = Release;
		};
		EDE12565235B7D1800FEB5BF /* Build configuration list for PBXNativeTarget "HneuTimeTable" */ = {
			isa = XCConfigurationList;
			buildConfigurations = (
				EDE12566235B7D1800FEB5BF /* Debug */,
				EDE12567235B7D1800FEB5BF /* Release */,
			);
			defaultConfigurationIsVisible = 0;
			defaultConfigurationName = Release;
		};
/* End XCConfigurationList section */

/* Begin XCVersionGroup section */
		EDE1255A235B7D1700FEB5BF /* HneuTimeTable.xcdatamodeld */ = {
			isa = XCVersionGroup;
			children = (
				EDE1255B235B7D1700FEB5BF /* HneuTimeTable.xcdatamodel */,
			);
			currentVersion = EDE1255B235B7D1700FEB5BF /* HneuTimeTable.xcdatamodel */;
			path = HneuTimeTable.xcdatamodeld;
			sourceTree = "<group>";
			versionGroupType = wrapper.xcdatamodel;
		};
/* End XCVersionGroup section */
	};
	rootObject = EDE12546235B7D1700FEB5BF /* Project object */;
}
